// !$*UTF8*$!
{
	archiveVersion = 1;
	classes = {
	};
	objectVersion = 54;
	objects = {

/* Begin PBXBuildFile section */
		03931D83309A0D69EC7DF75F /* Pods_demo.framework in Frameworks */ = {isa = PBXBuildFile; fileRef = C29DB6A7D4981E57AC6908D5 /* Pods_demo.framework */; };
		1845760C2C36336300502CC9 /* ThirdpartApiViewController.m in Sources */ = {isa = PBXBuildFile; fileRef = 1845760A2C36336300502CC9 /* ThirdpartApiViewController.m */; };
		1845760F2C36504700502CC9 /* DTDemoViewController.m in Sources */ = {isa = PBXBuildFile; fileRef = 1845760D2C36504700502CC9 /* DTDemoViewController.m */; };
		184FE4332A2487CE00125C5C /* AppDelegate.m in Sources */ = {isa = PBXBuildFile; fileRef = 184FE4322A2487CE00125C5C /* AppDelegate.m */; };
		184FE4362A2487CE00125C5C /* SceneDelegate.m in Sources */ = {isa = PBXBuildFile; fileRef = 184FE4352A2487CE00125C5C /* SceneDelegate.m */; };
		184FE4392A2487CE00125C5C /* ViewController.m in Sources */ = {isa = PBXBuildFile; fileRef = 184FE4382A2487CE00125C5C /* ViewController.m */; };
		184FE43C2A2487CE00125C5C /* Main.storyboard in Resources */ = {isa = PBXBuildFile; fileRef = 184FE43A2A2487CE00125C5C /* Main.storyboard */; };
		184FE43E2A2487CF00125C5C /* Assets.xcassets in Resources */ = {isa = PBXBuildFile; fileRef = 184FE43D2A2487CF00125C5C /* Assets.xcassets */; };
		184FE4412A2487CF00125C5C /* LaunchScreen.storyboard in Resources */ = {isa = PBXBuildFile; fileRef = 184FE43F2A2487CF00125C5C /* LaunchScreen.storyboard */; };
		184FE4442A2487CF00125C5C /* main.m in Sources */ = {isa = PBXBuildFile; fileRef = 184FE4432A2487CF00125C5C /* main.m */; };
		184FE44A2A24A9D300125C5C /* CellViewModel.m in Sources */ = {isa = PBXBuildFile; fileRef = 184FE4492A24A9D300125C5C /* CellViewModel.m */; };
		184FE44D2A24AE4B00125C5C /* Datasource.m in Sources */ = {isa = PBXBuildFile; fileRef = 184FE44C2A24AE4B00125C5C /* Datasource.m */; };
		184FE4502A24B68300125C5C /* CustomCell.m in Sources */ = {isa = PBXBuildFile; fileRef = 184FE44F2A24B68300125C5C /* CustomCell.m */; };
		184FE4532A24BFFD00125C5C /* TrackEventViewController.m in Sources */ = {isa = PBXBuildFile; fileRef = 184FE4522A24BFFD00125C5C /* TrackEventViewController.m */; };
		184FE4562A24C01400125C5C /* UserRelatedAPIController.m in Sources */ = {isa = PBXBuildFile; fileRef = 184FE4552A24C01400125C5C /* UserRelatedAPIController.m */; };
		185564AD2A2DDCEB006C3049 /* DTAnalRepetitiveTrackingThread.m in Sources */ = {isa = PBXBuildFile; fileRef = 185564AC2A2DDCEB006C3049 /* DTAnalRepetitiveTrackingThread.m */; };
		18DF41302A3ABEAD005EE094 /* FullApiViewController.m in Sources */ = {isa = PBXBuildFile; fileRef = 18DF412F2A3ABEAD005EE094 /* FullApiViewController.m */; };
		18FB33BA2A29DB3F00A1D1F6 /* Res in Resources */ = {isa = PBXBuildFile; fileRef = 18FB33B92A29DB3F00A1D1F6 /* Res */; };
		5B562469CDA48B8B0AA5D72C /* Pods_demoObjc.framework in Frameworks */ = {isa = PBXBuildFile; fileRef = 59CF4F88ED2DE6E9DBB6CEC4 /* Pods_demoObjc.framework */; };
		B56B6CB229476FE500F96D8D /* AppDelegate.swift in Sources */ = {isa = PBXBuildFile; fileRef = B56B6CB129476FE500F96D8D /* AppDelegate.swift */; };
		B56B6CB429476FE500F96D8D /* SceneDelegate.swift in Sources */ = {isa = PBXBuildFile; fileRef = B56B6CB329476FE500F96D8D /* SceneDelegate.swift */; };
		B56B6CB629476FE500F96D8D /* ViewController.swift in Sources */ = {isa = PBXBuildFile; fileRef = B56B6CB529476FE500F96D8D /* ViewController.swift */; };
		B56B6CB929476FE500F96D8D /* Main.storyboard in Resources */ = {isa = PBXBuildFile; fileRef = B56B6CB729476FE500F96D8D /* Main.storyboard */; };
		B56B6CBB29476FE700F96D8D /* Assets.xcassets in Resources */ = {isa = PBXBuildFile; fileRef = B56B6CBA29476FE700F96D8D /* Assets.xcassets */; };
		B56B6CBE29476FE700F96D8D /* LaunchScreen.storyboard in Resources */ = {isa = PBXBuildFile; fileRef = B56B6CBC29476FE700F96D8D /* LaunchScreen.storyboard */; };
		B56B6CC7294778F600F96D8D /* UserSetPropertyiesViewControoler.swift in Sources */ = {isa = PBXBuildFile; fileRef = B56B6CC6294778F600F96D8D /* UserSetPropertyiesViewControoler.swift */; };
/* End PBXBuildFile section */

/* Begin PBXFileReference section */
		1845760A2C36336300502CC9 /* ThirdpartApiViewController.m */ = {isa = PBXFileReference; fileEncoding = 4; lastKnownFileType = sourcecode.c.objc; path = ThirdpartApiViewController.m; sourceTree = "<group>"; };
		1845760B2C36336300502CC9 /* ThirdpartApiViewController.h */ = {isa = PBXFileReference; fileEncoding = 4; lastKnownFileType = sourcecode.c.h; path = ThirdpartApiViewController.h; sourceTree = "<group>"; };
		1845760D2C36504700502CC9 /* DTDemoViewController.m */ = {isa = PBXFileReference; fileEncoding = 4; lastKnownFileType = sourcecode.c.objc; path = DTDemoViewController.m; sourceTree = "<group>"; };
		1845760E2C36504700502CC9 /* DTDemoViewController.h */ = {isa = PBXFileReference; fileEncoding = 4; lastKnownFileType = sourcecode.c.h; path = DTDemoViewController.h; sourceTree = "<group>"; };
		184FE42F2A2487CE00125C5C /* demoObjc.app */ = {isa = PBXFileReference; explicitFileType = wrapper.application; includeInIndex = 0; path = demoObjc.app; sourceTree = BUILT_PRODUCTS_DIR; };
		184FE4312A2487CE00125C5C /* AppDelegate.h */ = {isa = PBXFileReference; lastKnownFileType = sourcecode.c.h; path = AppDelegate.h; sourceTree = "<group>"; };
		184FE4322A2487CE00125C5C /* AppDelegate.m */ = {isa = PBXFileReference; lastKnownFileType = sourcecode.c.objc; path = AppDelegate.m; sourceTree = "<group>"; };
		184FE4342A2487CE00125C5C /* SceneDelegate.h */ = {isa = PBXFileReference; lastKnownFileType = sourcecode.c.h; path = SceneDelegate.h; sourceTree = "<group>"; };
		184FE4352A2487CE00125C5C /* SceneDelegate.m */ = {isa = PBXFileReference; lastKnownFileType = sourcecode.c.objc; path = SceneDelegate.m; sourceTree = "<group>"; };
		184FE4372A2487CE00125C5C /* ViewController.h */ = {isa = PBXFileReference; lastKnownFileType = sourcecode.c.h; path = ViewController.h; sourceTree = "<group>"; };
		184FE4382A2487CE00125C5C /* ViewController.m */ = {isa = PBXFileReference; lastKnownFileType = sourcecode.c.objc; path = ViewController.m; sourceTree = "<group>"; };
		184FE43B2A2487CE00125C5C /* Base */ = {isa = PBXFileReference; lastKnownFileType = file.storyboard; name = Base; path = Base.lproj/Main.storyboard; sourceTree = "<group>"; };
		184FE43D2A2487CF00125C5C /* Assets.xcassets */ = {isa = PBXFileReference; lastKnownFileType = folder.assetcatalog; path = Assets.xcassets; sourceTree = "<group>"; };
		184FE4402A2487CF00125C5C /* Base */ = {isa = PBXFileReference; lastKnownFileType = file.storyboard; name = Base; path = Base.lproj/LaunchScreen.storyboard; sourceTree = "<group>"; };
		184FE4422A2487CF00125C5C /* Info.plist */ = {isa = PBXFileReference; lastKnownFileType = text.plist.xml; path = Info.plist; sourceTree = "<group>"; };
		184FE4432A2487CF00125C5C /* main.m */ = {isa = PBXFileReference; lastKnownFileType = sourcecode.c.objc; path = main.m; sourceTree = "<group>"; };
		184FE4482A24A9D300125C5C /* CellViewModel.h */ = {isa = PBXFileReference; lastKnownFileType = sourcecode.c.h; path = CellViewModel.h; sourceTree = "<group>"; };
		184FE4492A24A9D300125C5C /* CellViewModel.m */ = {isa = PBXFileReference; lastKnownFileType = sourcecode.c.objc; path = CellViewModel.m; sourceTree = "<group>"; };
		184FE44B2A24AE4B00125C5C /* Datasource.h */ = {isa = PBXFileReference; lastKnownFileType = sourcecode.c.h; path = Datasource.h; sourceTree = "<group>"; };
		184FE44C2A24AE4B00125C5C /* Datasource.m */ = {isa = PBXFileReference; lastKnownFileType = sourcecode.c.objc; path = Datasource.m; sourceTree = "<group>"; };
		184FE44E2A24B68300125C5C /* CustomCell.h */ = {isa = PBXFileReference; lastKnownFileType = sourcecode.c.h; path = CustomCell.h; sourceTree = "<group>"; };
		184FE44F2A24B68300125C5C /* CustomCell.m */ = {isa = PBXFileReference; lastKnownFileType = sourcecode.c.objc; path = CustomCell.m; sourceTree = "<group>"; };
		184FE4512A24BFFD00125C5C /* TrackEventViewController.h */ = {isa = PBXFileReference; lastKnownFileType = sourcecode.c.h; path = TrackEventViewController.h; sourceTree = "<group>"; };
		184FE4522A24BFFD00125C5C /* TrackEventViewController.m */ = {isa = PBXFileReference; lastKnownFileType = sourcecode.c.objc; path = TrackEventViewController.m; sourceTree = "<group>"; };
		184FE4542A24C01400125C5C /* UserRelatedAPIController.h */ = {isa = PBXFileReference; lastKnownFileType = sourcecode.c.h; path = UserRelatedAPIController.h; sourceTree = "<group>"; };
		184FE4552A24C01400125C5C /* UserRelatedAPIController.m */ = {isa = PBXFileReference; lastKnownFileType = sourcecode.c.objc; path = UserRelatedAPIController.m; sourceTree = "<group>"; };
		185564AB2A2DDCEB006C3049 /* DTAnalRepetitiveTrackingThread.h */ = {isa = PBXFileReference; fileEncoding = 4; lastKnownFileType = sourcecode.c.h; path = DTAnalRepetitiveTrackingThread.h; sourceTree = "<group>"; };
		185564AC2A2DDCEB006C3049 /* DTAnalRepetitiveTrackingThread.m */ = {isa = PBXFileReference; fileEncoding = 4; lastKnownFileType = sourcecode.c.objc; path = DTAnalRepetitiveTrackingThread.m; sourceTree = "<group>"; };
		18DF412E2A3ABEAD005EE094 /* FullApiViewController.h */ = {isa = PBXFileReference; lastKnownFileType = sourcecode.c.h; path = FullApiViewController.h; sourceTree = "<group>"; };
		18DF412F2A3ABEAD005EE094 /* FullApiViewController.m */ = {isa = PBXFileReference; lastKnownFileType = sourcecode.c.objc; path = FullApiViewController.m; sourceTree = "<group>"; };
		18FB33B92A29DB3F00A1D1F6 /* Res */ = {isa = PBXFileReference; lastKnownFileType = folder; path = Res; sourceTree = "<group>"; };
		59CF4F88ED2DE6E9DBB6CEC4 /* Pods_demoObjc.framework */ = {isa = PBXFileReference; explicitFileType = wrapper.framework; includeInIndex = 0; path = Pods_demoObjc.framework; sourceTree = BUILT_PRODUCTS_DIR; };
		67A590EB531F7B4DA65FA2BE /* Pods-demoObjc.debug.xcconfig */ = {isa = PBXFileReference; includeInIndex = 1; lastKnownFileType = text.xcconfig; name = "Pods-demoObjc.debug.xcconfig"; path = "Target Support Files/Pods-demoObjc/Pods-demoObjc.debug.xcconfig"; sourceTree = "<group>"; };
		7C7967FB671017B9CC0C7E3D /* Pods-demo.release.xcconfig */ = {isa = PBXFileReference; includeInIndex = 1; lastKnownFileType = text.xcconfig; name = "Pods-demo.release.xcconfig"; path = "Target Support Files/Pods-demo/Pods-demo.release.xcconfig"; sourceTree = "<group>"; };
		98C9A14B5EF70FA217A47230 /* Pods-demo.debug.xcconfig */ = {isa = PBXFileReference; includeInIndex = 1; lastKnownFileType = text.xcconfig; name = "Pods-demo.debug.xcconfig"; path = "Target Support Files/Pods-demo/Pods-demo.debug.xcconfig"; sourceTree = "<group>"; };
		B28938675B66FA2E0C9AD318 /* Pods-demoObjc.release.xcconfig */ = {isa = PBXFileReference; includeInIndex = 1; lastKnownFileType = text.xcconfig; name = "Pods-demoObjc.release.xcconfig"; path = "Target Support Files/Pods-demoObjc/Pods-demoObjc.release.xcconfig"; sourceTree = "<group>"; };
		B56B6CAE29476FE500F96D8D /* demo.app */ = {isa = PBXFileReference; explicitFileType = wrapper.application; includeInIndex = 0; path = demo.app; sourceTree = BUILT_PRODUCTS_DIR; };
		B56B6CB129476FE500F96D8D /* AppDelegate.swift */ = {isa = PBXFileReference; lastKnownFileType = sourcecode.swift; path = AppDelegate.swift; sourceTree = "<group>"; };
		B56B6CB329476FE500F96D8D /* SceneDelegate.swift */ = {isa = PBXFileReference; lastKnownFileType = sourcecode.swift; path = SceneDelegate.swift; sourceTree = "<group>"; };
		B56B6CB529476FE500F96D8D /* ViewController.swift */ = {isa = PBXFileReference; lastKnownFileType = sourcecode.swift; path = ViewController.swift; sourceTree = "<group>"; };
		B56B6CB829476FE500F96D8D /* Base */ = {isa = PBXFileReference; lastKnownFileType = file.storyboard; name = Base; path = Base.lproj/Main.storyboard; sourceTree = "<group>"; };
		B56B6CBA29476FE700F96D8D /* Assets.xcassets */ = {isa = PBXFileReference; lastKnownFileType = folder.assetcatalog; path = Assets.xcassets; sourceTree = "<group>"; };
		B56B6CBD29476FE700F96D8D /* Base */ = {isa = PBXFileReference; lastKnownFileType = file.storyboard; name = Base; path = Base.lproj/LaunchScreen.storyboard; sourceTree = "<group>"; };
		B56B6CBF29476FE700F96D8D /* Info.plist */ = {isa = PBXFileReference; lastKnownFileType = text.plist.xml; path = Info.plist; sourceTree = "<group>"; };
		B56B6CC6294778F600F96D8D /* UserSetPropertyiesViewControoler.swift */ = {isa = PBXFileReference; fileEncoding = 4; lastKnownFileType = sourcecode.swift; path = UserSetPropertyiesViewControoler.swift; sourceTree = "<group>"; };
		C29DB6A7D4981E57AC6908D5 /* Pods_demo.framework */ = {isa = PBXFileReference; explicitFileType = wrapper.framework; includeInIndex = 0; path = Pods_demo.framework; sourceTree = BUILT_PRODUCTS_DIR; };
/* End PBXFileReference section */

/* Begin PBXFrameworksBuildPhase section */
		184FE42C2A2487CE00125C5C /* Frameworks */ = {
			isa = PBXFrameworksBuildPhase;
			buildActionMask = 2147483647;
			files = (
				5B562469CDA48B8B0AA5D72C /* Pods_demoObjc.framework in Frameworks */,
			);
			runOnlyForDeploymentPostprocessing = 0;
		};
		B56B6CAB29476FE500F96D8D /* Frameworks */ = {
			isa = PBXFrameworksBuildPhase;
			buildActionMask = 2147483647;
			files = (
				03931D83309A0D69EC7DF75F /* Pods_demo.framework in Frameworks */,
			);
			runOnlyForDeploymentPostprocessing = 0;
		};
/* End PBXFrameworksBuildPhase section */

/* Begin PBXGroup section */
		14F215282E84588CE9FB6EAE /* Frameworks */ = {
			isa = PBXGroup;
			children = (
				59CF4F88ED2DE6E9DBB6CEC4 /* Pods_demoObjc.framework */,
				C29DB6A7D4981E57AC6908D5 /* Pods_demo.framework */,
			);
			name = Frameworks;
			sourceTree = "<group>";
		};
		184FE4302A2487CE00125C5C /* demoObjc */ = {
			isa = PBXGroup;
			children = (
				18FB33B92A29DB3F00A1D1F6 /* Res */,
				184FE4312A2487CE00125C5C /* AppDelegate.h */,
				184FE4322A2487CE00125C5C /* AppDelegate.m */,
				184FE4342A2487CE00125C5C /* SceneDelegate.h */,
				184FE4352A2487CE00125C5C /* SceneDelegate.m */,
				184FE4372A2487CE00125C5C /* ViewController.h */,
				184FE4382A2487CE00125C5C /* ViewController.m */,
				1845760E2C36504700502CC9 /* DTDemoViewController.h */,
				1845760D2C36504700502CC9 /* DTDemoViewController.m */,
				184FE43A2A2487CE00125C5C /* Main.storyboard */,
				184FE43D2A2487CF00125C5C /* Assets.xcassets */,
				184FE43F2A2487CF00125C5C /* LaunchScreen.storyboard */,
				184FE4422A2487CF00125C5C /* Info.plist */,
				184FE4432A2487CF00125C5C /* main.m */,
				185564AB2A2DDCEB006C3049 /* DTAnalRepetitiveTrackingThread.h */,
				185564AC2A2DDCEB006C3049 /* DTAnalRepetitiveTrackingThread.m */,
				184FE4482A24A9D300125C5C /* CellViewModel.h */,
				184FE4492A24A9D300125C5C /* CellViewModel.m */,
				184FE44B2A24AE4B00125C5C /* Datasource.h */,
				184FE44C2A24AE4B00125C5C /* Datasource.m */,
				184FE44E2A24B68300125C5C /* CustomCell.h */,
				184FE44F2A24B68300125C5C /* CustomCell.m */,
				184FE4512A24BFFD00125C5C /* TrackEventViewController.h */,
				184FE4522A24BFFD00125C5C /* TrackEventViewController.m */,
				184FE4542A24C01400125C5C /* UserRelatedAPIController.h */,
				184FE4552A24C01400125C5C /* UserRelatedAPIController.m */,
				18DF412E2A3ABEAD005EE094 /* FullApiViewController.h */,
				18DF412F2A3ABEAD005EE094 /* FullApiViewController.m */,
				1845760B2C36336300502CC9 /* ThirdpartApiViewController.h */,
				1845760A2C36336300502CC9 /* ThirdpartApiViewController.m */,
			);
			path = demoObjc;
			sourceTree = "<group>";
		};
		B56B6CA529476FE500F96D8D = {
			isa = PBXGroup;
			children = (
				B56B6CB029476FE500F96D8D /* demo */,
				184FE4302A2487CE00125C5C /* demoObjc */,
				B56B6CAF29476FE500F96D8D /* Products */,
				C0D42D5A2B36BD53EBCB23C0 /* Pods */,
				14F215282E84588CE9FB6EAE /* Frameworks */,
			);
			sourceTree = "<group>";
		};
		B56B6CAF29476FE500F96D8D /* Products */ = {
			isa = PBXGroup;
			children = (
				B56B6CAE29476FE500F96D8D /* demo.app */,
				184FE42F2A2487CE00125C5C /* demoObjc.app */,
			);
			name = Products;
			sourceTree = "<group>";
		};
		B56B6CB029476FE500F96D8D /* demo */ = {
			isa = PBXGroup;
			children = (
				B56B6CC6294778F600F96D8D /* UserSetPropertyiesViewControoler.swift */,
				B56B6CB129476FE500F96D8D /* AppDelegate.swift */,
				B56B6CB329476FE500F96D8D /* SceneDelegate.swift */,
				B56B6CB529476FE500F96D8D /* ViewController.swift */,
				B56B6CB729476FE500F96D8D /* Main.storyboard */,
				B56B6CBA29476FE700F96D8D /* Assets.xcassets */,
				B56B6CBC29476FE700F96D8D /* LaunchScreen.storyboard */,
				B56B6CBF29476FE700F96D8D /* Info.plist */,
			);
			path = demo;
			sourceTree = "<group>";
		};
		C0D42D5A2B36BD53EBCB23C0 /* Pods */ = {
			isa = PBXGroup;
			children = (
				67A590EB531F7B4DA65FA2BE /* Pods-demoObjc.debug.xcconfig */,
				B28938675B66FA2E0C9AD318 /* Pods-demoObjc.release.xcconfig */,
				98C9A14B5EF70FA217A47230 /* Pods-demo.debug.xcconfig */,
				7C7967FB671017B9CC0C7E3D /* Pods-demo.release.xcconfig */,
			);
			path = Pods;
			sourceTree = "<group>";
		};
/* End PBXGroup section */

/* Begin PBXNativeTarget section */
		184FE42E2A2487CE00125C5C /* demoObjc */ = {
			isa = PBXNativeTarget;
			buildConfigurationList = 184FE4472A2487CF00125C5C /* Build configuration list for PBXNativeTarget "demoObjc" */;
			buildPhases = (
				B1C48772E81D7F5A7143098B /* [CP] Check Pods Manifest.lock */,
				184FE42B2A2487CE00125C5C /* Sources */,
				184FE42C2A2487CE00125C5C /* Frameworks */,
				184FE42D2A2487CE00125C5C /* Resources */,
				419BBCD56AD46A50273FE77C /* [CP] Embed Pods Frameworks */,
			);
			buildRules = (
			);
			dependencies = (
			);
			name = demoObjc;
			productName = demoObjc;
			productReference = 184FE42F2A2487CE00125C5C /* demoObjc.app */;
			productType = "com.apple.product-type.application";
		};
		B56B6CAD29476FE500F96D8D /* demo */ = {
			isa = PBXNativeTarget;
			buildConfigurationList = B56B6CC229476FE700F96D8D /* Build configuration list for PBXNativeTarget "demo" */;
			buildPhases = (
				2872C07640B47CBCCDB1EF2D /* [CP] Check Pods Manifest.lock */,
				B56B6CAA29476FE500F96D8D /* Sources */,
				B56B6CAB29476FE500F96D8D /* Frameworks */,
				B56B6CAC29476FE500F96D8D /* Resources */,
				14973B6DE5AF34B809A60C3E /* [CP] Embed Pods Frameworks */,
			);
			buildRules = (
			);
			dependencies = (
			);
			name = demo;
			productName = demo;
			productReference = B56B6CAE29476FE500F96D8D /* demo.app */;
			productType = "com.apple.product-type.application";
		};
/* End PBXNativeTarget section */

/* Begin PBXProject section */
		B56B6CA629476FE500F96D8D /* Project object */ = {
			isa = PBXProject;
			attributes = {
				BuildIndependentTargetsInParallel = 1;
				LastSwiftUpdateCheck = 1400;
				LastUpgradeCheck = 1400;
				TargetAttributes = {
					184FE42E2A2487CE00125C5C = {
						CreatedOnToolsVersion = 14.3;
					};
					B56B6CAD29476FE500F96D8D = {
						CreatedOnToolsVersion = 14.0.1;
					};
				};
			};
			buildConfigurationList = B56B6CA929476FE500F96D8D /* Build configuration list for PBXProject "demo" */;
			compatibilityVersion = "Xcode 11.0";
			developmentRegion = en;
			hasScannedForEncodings = 0;
			knownRegions = (
				en,
				Base,
			);
			mainGroup = B56B6CA529476FE500F96D8D;
			productRefGroup = B56B6CAF29476FE500F96D8D /* Products */;
			projectDirPath = "";
			projectRoot = "";
			targets = (
				B56B6CAD29476FE500F96D8D /* demo */,
				184FE42E2A2487CE00125C5C /* demoObjc */,
			);
		};
/* End PBXProject section */

/* Begin PBXResourcesBuildPhase section */
		184FE42D2A2487CE00125C5C /* Resources */ = {
			isa = PBXResourcesBuildPhase;
			buildActionMask = 2147483647;
			files = (
				184FE4412A2487CF00125C5C /* LaunchScreen.storyboard in Resources */,
				18FB33BA2A29DB3F00A1D1F6 /* Res in Resources */,
				184FE43E2A2487CF00125C5C /* Assets.xcassets in Resources */,
				184FE43C2A2487CE00125C5C /* Main.storyboard in Resources */,
			);
			runOnlyForDeploymentPostprocessing = 0;
		};
		B56B6CAC29476FE500F96D8D /* Resources */ = {
			isa = PBXResourcesBuildPhase;
			buildActionMask = 2147483647;
			files = (
				B56B6CBE29476FE700F96D8D /* LaunchScreen.storyboard in Resources */,
				B56B6CBB29476FE700F96D8D /* Assets.xcassets in Resources */,
				B56B6CB929476FE500F96D8D /* Main.storyboard in Resources */,
			);
			runOnlyForDeploymentPostprocessing = 0;
		};
/* End PBXResourcesBuildPhase section */

/* Begin PBXShellScriptBuildPhase section */
		14973B6DE5AF34B809A60C3E /* [CP] Embed Pods Frameworks */ = {
			isa = PBXShellScriptBuildPhase;
			buildActionMask = 2147483647;
			files = (
			);
			inputFileListPaths = (
				"${PODS_ROOT}/Target Support Files/Pods-demo/Pods-demo-frameworks-${CONFIGURATION}-input-files.xcfilelist",
			);
			name = "[CP] Embed Pods Frameworks";
			outputFileListPaths = (
				"${PODS_ROOT}/Target Support Files/Pods-demo/Pods-demo-frameworks-${CONFIGURATION}-output-files.xcfilelist",
			);
			runOnlyForDeploymentPostprocessing = 0;
			shellPath = /bin/sh;
			shellScript = "\"${PODS_ROOT}/Target Support Files/Pods-demo/Pods-demo-frameworks.sh\"\n";
			showEnvVarsInLog = 0;
		};
		2872C07640B47CBCCDB1EF2D /* [CP] Check Pods Manifest.lock */ = {
			isa = PBXShellScriptBuildPhase;
			buildActionMask = 2147483647;
			files = (
			);
			inputFileListPaths = (
			);
			inputPaths = (
				"${PODS_PODFILE_DIR_PATH}/Podfile.lock",
				"${PODS_ROOT}/Manifest.lock",
			);
			name = "[CP] Check Pods Manifest.lock";
			outputFileListPaths = (
			);
			outputPaths = (
				"$(DERIVED_FILE_DIR)/Pods-demo-checkManifestLockResult.txt",
			);
			runOnlyForDeploymentPostprocessing = 0;
			shellPath = /bin/sh;
			shellScript = "diff \"${PODS_PODFILE_DIR_PATH}/Podfile.lock\" \"${PODS_ROOT}/Manifest.lock\" > /dev/null\nif [ $? != 0 ] ; then\n    # print error to STDERR\n    echo \"error: The sandbox is not in sync with the Podfile.lock. Run 'pod install' or update your CocoaPods installation.\" >&2\n    exit 1\nfi\n# This output is used by Xcode 'outputs' to avoid re-running this script phase.\necho \"SUCCESS\" > \"${SCRIPT_OUTPUT_FILE_0}\"\n";
			showEnvVarsInLog = 0;
		};
		419BBCD56AD46A50273FE77C /* [CP] Embed Pods Frameworks */ = {
			isa = PBXShellScriptBuildPhase;
			buildActionMask = 2147483647;
			files = (
			);
			inputFileListPaths = (
				"${PODS_ROOT}/Target Support Files/Pods-demoObjc/Pods-demoObjc-frameworks-${CONFIGURATION}-input-files.xcfilelist",
			);
			name = "[CP] Embed Pods Frameworks";
			outputFileListPaths = (
				"${PODS_ROOT}/Target Support Files/Pods-demoObjc/Pods-demoObjc-frameworks-${CONFIGURATION}-output-files.xcfilelist",
			);
			runOnlyForDeploymentPostprocessing = 0;
			shellPath = /bin/sh;
			shellScript = "\"${PODS_ROOT}/Target Support Files/Pods-demoObjc/Pods-demoObjc-frameworks.sh\"\n";
			showEnvVarsInLog = 0;
		};
		B1C48772E81D7F5A7143098B /* [CP] Check Pods Manifest.lock */ = {
			isa = PBXShellScriptBuildPhase;
			buildActionMask = 2147483647;
			files = (
			);
			inputFileListPaths = (
			);
			inputPaths = (
				"${PODS_PODFILE_DIR_PATH}/Podfile.lock",
				"${PODS_ROOT}/Manifest.lock",
			);
			name = "[CP] Check Pods Manifest.lock";
			outputFileListPaths = (
			);
			outputPaths = (
				"$(DERIVED_FILE_DIR)/Pods-demoObjc-checkManifestLockResult.txt",
			);
			runOnlyForDeploymentPostprocessing = 0;
			shellPath = /bin/sh;
			shellScript = "diff \"${PODS_PODFILE_DIR_PATH}/Podfile.lock\" \"${PODS_ROOT}/Manifest.lock\" > /dev/null\nif [ $? != 0 ] ; then\n    # print error to STDERR\n    echo \"error: The sandbox is not in sync with the Podfile.lock. Run 'pod install' or update your CocoaPods installation.\" >&2\n    exit 1\nfi\n# This output is used by Xcode 'outputs' to avoid re-running this script phase.\necho \"SUCCESS\" > \"${SCRIPT_OUTPUT_FILE_0}\"\n";
			showEnvVarsInLog = 0;
		};
/* End PBXShellScriptBuildPhase section */

/* Begin PBXSourcesBuildPhase section */
		184FE42B2A2487CE00125C5C /* Sources */ = {
			isa = PBXSourcesBuildPhase;
			buildActionMask = 2147483647;
			files = (
				184FE44D2A24AE4B00125C5C /* Datasource.m in Sources */,
				184FE4392A2487CE00125C5C /* ViewController.m in Sources */,
				184FE4562A24C01400125C5C /* UserRelatedAPIController.m in Sources */,
				1845760F2C36504700502CC9 /* DTDemoViewController.m in Sources */,
				18DF41302A3ABEAD005EE094 /* FullApiViewController.m in Sources */,
				184FE4332A2487CE00125C5C /* AppDelegate.m in Sources */,
				184FE4532A24BFFD00125C5C /* TrackEventViewController.m in Sources */,
				1845760C2C36336300502CC9 /* ThirdpartApiViewController.m in Sources */,
				184FE4442A2487CF00125C5C /* main.m in Sources */,
				184FE4502A24B68300125C5C /* CustomCell.m in Sources */,
				184FE44A2A24A9D300125C5C /* CellViewModel.m in Sources */,
				185564AD2A2DDCEB006C3049 /* DTAnalRepetitiveTrackingThread.m in Sources */,
				184FE4362A2487CE00125C5C /* SceneDelegate.m in Sources */,
			);
			runOnlyForDeploymentPostprocessing = 0;
		};
		B56B6CAA29476FE500F96D8D /* Sources */ = {
			isa = PBXSourcesBuildPhase;
			buildActionMask = 2147483647;
			files = (
				B56B6CC7294778F600F96D8D /* UserSetPropertyiesViewControoler.swift in Sources */,
				B56B6CB629476FE500F96D8D /* ViewController.swift in Sources */,
				B56B6CB229476FE500F96D8D /* AppDelegate.swift in Sources */,
				B56B6CB429476FE500F96D8D /* SceneDelegate.swift in Sources */,
			);
			runOnlyForDeploymentPostprocessing = 0;
		};
/* End PBXSourcesBuildPhase section */

/* Begin PBXVariantGroup section */
		184FE43A2A2487CE00125C5C /* Main.storyboard */ = {
			isa = PBXVariantGroup;
			children = (
				184FE43B2A2487CE00125C5C /* Base */,
			);
			name = Main.storyboard;
			sourceTree = "<group>";
		};
		184FE43F2A2487CF00125C5C /* LaunchScreen.storyboard */ = {
			isa = PBXVariantGroup;
			children = (
				184FE4402A2487CF00125C5C /* Base */,
			);
			name = LaunchScreen.storyboard;
			sourceTree = "<group>";
		};
		B56B6CB729476FE500F96D8D /* Main.storyboard */ = {
			isa = PBXVariantGroup;
			children = (
				B56B6CB829476FE500F96D8D /* Base */,
			);
			name = Main.storyboard;
			sourceTree = "<group>";
		};
		B56B6CBC29476FE700F96D8D /* LaunchScreen.storyboard */ = {
			isa = PBXVariantGroup;
			children = (
				B56B6CBD29476FE700F96D8D /* Base */,
			);
			name = LaunchScreen.storyboard;
			sourceTree = "<group>";
		};
/* End PBXVariantGroup section */

/* Begin XCBuildConfiguration section */
		184FE4452A2487CF00125C5C /* Debug */ = {
			isa = XCBuildConfiguration;
			baseConfigurationReference = 67A590EB531F7B4DA65FA2BE /* Pods-demoObjc.debug.xcconfig */;
			buildSettings = {
				ASSETCATALOG_COMPILER_APPICON_NAME = AppIcon;
				ASSETCATALOG_COMPILER_GLOBAL_ACCENT_COLOR_NAME = AccentColor;
				CODE_SIGN_IDENTITY = "Apple Development";
				CODE_SIGN_STYLE = Automatic;
				CURRENT_PROJECT_VERSION = 1;
				DEVELOPMENT_TEAM = 7UW9N9QSQ6;
				GENERATE_INFOPLIST_FILE = YES;
				INFOPLIST_FILE = demoObjc/Info.plist;
				INFOPLIST_KEY_UIApplicationSupportsIndirectInputEvents = YES;
				INFOPLIST_KEY_UILaunchStoryboardName = LaunchScreen;
				INFOPLIST_KEY_UIMainStoryboardFile = Main;
				INFOPLIST_KEY_UISupportedInterfaceOrientations_iPad = "UIInterfaceOrientationPortrait UIInterfaceOrientationPortraitUpsideDown UIInterfaceOrientationLandscapeLeft UIInterfaceOrientationLandscapeRight";
				INFOPLIST_KEY_UISupportedInterfaceOrientations_iPhone = "UIInterfaceOrientationPortrait UIInterfaceOrientationLandscapeLeft UIInterfaceOrientationLandscapeRight";
				IPHONEOS_DEPLOYMENT_TARGET = 11.0;
				LD_RUNPATH_SEARCH_PATHS = (
					"$(inherited)",
					"@executable_path/Frameworks",
				);
				MARKETING_VERSION = 1.0;
				OTHER_LDFLAGS = (
					"$(inherited)",
					"-l\"sqlite3\"",
					"-l\"z\"",
					"-framework",
					"\"AVFoundation\"",
					"-framework",
					"\"CoreGraphics\"",
					"-framework",
					"\"CoreImage\"",
					"-framework",
					"\"CoreMedia\"",
					"-framework",
					"\"CoreServices\"",
					"-framework",
					"\"CoreTelephony\"",
					"-framework",
					"\"DataTowerAICore\"",
					"-framework",
					"\"Foundation\"",
					"-framework",
					"\"ImageIO\"",
					"-framework",
					"\"Masonry\"",
					"-framework",
					"\"Photos\"",
					"-framework",
					"\"PhotosUI\"",
					"-framework",
					"\"QMUIKit\"",
					"-framework",
					"\"QuartzCore\"",
					"-framework",
					"\"Security\"",
					"-framework",
					"\"SystemConfiguration\"",
					"-framework",
					"\"UIKit\"",
					"-all_load",
				);
				PRODUCT_BUNDLE_IDENTIFIER = com.datatower.sdk.linli;
				PRODUCT_NAME = "$(TARGET_NAME)";
				PROVISIONING_PROFILE_SPECIFIER = "";
				SWIFT_EMIT_LOC_STRINGS = YES;
				TARGETED_DEVICE_FAMILY = "1,2";
			};
			name = Debug;
		};
		184FE4462A2487CF00125C5C /* Release */ = {
			isa = XCBuildConfiguration;
			baseConfigurationReference = B28938675B66FA2E0C9AD318 /* Pods-demoObjc.release.xcconfig */;
			buildSettings = {
				ASSETCATALOG_COMPILER_APPICON_NAME = AppIcon;
				ASSETCATALOG_COMPILER_GLOBAL_ACCENT_COLOR_NAME = AccentColor;
				CODE_SIGN_IDENTITY = "Apple Development";
				CODE_SIGN_STYLE = Automatic;
				CURRENT_PROJECT_VERSION = 1;
				DEVELOPMENT_TEAM = 7UW9N9QSQ6;
				GENERATE_INFOPLIST_FILE = YES;
				INFOPLIST_FILE = demoObjc/Info.plist;
				INFOPLIST_KEY_UIApplicationSupportsIndirectInputEvents = YES;
				INFOPLIST_KEY_UILaunchStoryboardName = LaunchScreen;
				INFOPLIST_KEY_UIMainStoryboardFile = Main;
				INFOPLIST_KEY_UISupportedInterfaceOrientations_iPad = "UIInterfaceOrientationPortrait UIInterfaceOrientationPortraitUpsideDown UIInterfaceOrientationLandscapeLeft UIInterfaceOrientationLandscapeRight";
				INFOPLIST_KEY_UISupportedInterfaceOrientations_iPhone = "UIInterfaceOrientationPortrait UIInterfaceOrientationLandscapeLeft UIInterfaceOrientationLandscapeRight";
				IPHONEOS_DEPLOYMENT_TARGET = 11.0;
				LD_RUNPATH_SEARCH_PATHS = (
					"$(inherited)",
					"@executable_path/Frameworks",
				);
				MARKETING_VERSION = 1.0;
				OTHER_LDFLAGS = (
					"$(inherited)",
					"-l\"sqlite3\"",
					"-l\"z\"",
					"-framework",
					"\"AVFoundation\"",
					"-framework",
					"\"CoreGraphics\"",
					"-framework",
					"\"CoreImage\"",
					"-framework",
					"\"CoreMedia\"",
					"-framework",
					"\"CoreServices\"",
					"-framework",
					"\"CoreTelephony\"",
					"-framework",
					"\"DataTowerAICore\"",
					"-framework",
					"\"Foundation\"",
					"-framework",
					"\"ImageIO\"",
					"-framework",
					"\"Masonry\"",
					"-framework",
					"\"Photos\"",
					"-framework",
					"\"PhotosUI\"",
					"-framework",
					"\"QMUIKit\"",
					"-framework",
					"\"QuartzCore\"",
					"-framework",
					"\"Security\"",
					"-framework",
					"\"SystemConfiguration\"",
					"-framework",
					"\"UIKit\"",
					"-all_load",
				);
				PRODUCT_BUNDLE_IDENTIFIER = com.datatower.sdk;
				PRODUCT_NAME = "$(TARGET_NAME)";
				PROVISIONING_PROFILE_SPECIFIER = "";
				SWIFT_EMIT_LOC_STRINGS = YES;
				TARGETED_DEVICE_FAMILY = "1,2";
			};
			name = Release;
		};
		B56B6CC029476FE700F96D8D /* Debug */ = {
			isa = XCBuildConfiguration;
			buildSettings = {
				ALWAYS_SEARCH_USER_PATHS = NO;
				CLANG_ANALYZER_NONNULL = YES;
				CLANG_ANALYZER_NUMBER_OBJECT_CONVERSION = YES_AGGRESSIVE;
				CLANG_CXX_LANGUAGE_STANDARD = "gnu++20";
				CLANG_ENABLE_MODULES = YES;
				CLANG_ENABLE_OBJC_ARC = YES;
				CLANG_ENABLE_OBJC_WEAK = YES;
				CLANG_WARN_BLOCK_CAPTURE_AUTORELEASING = YES;
				CLANG_WARN_BOOL_CONVERSION = YES;
				CLANG_WARN_COMMA = YES;
				CLANG_WARN_CONSTANT_CONVERSION = YES;
				CLANG_WARN_DEPRECATED_OBJC_IMPLEMENTATIONS = YES;
				CLANG_WARN_DIRECT_OBJC_ISA_USAGE = YES_ERROR;
				CLANG_WARN_DOCUMENTATION_COMMENTS = YES;
				CLANG_WARN_EMPTY_BODY = YES;
				CLANG_WARN_ENUM_CONVERSION = YES;
				CLANG_WARN_INFINITE_RECURSION = YES;
				CLANG_WARN_INT_CONVERSION = YES;
				CLANG_WARN_NON_LITERAL_NULL_CONVERSION = YES;
				CLANG_WARN_OBJC_IMPLICIT_RETAIN_SELF = YES;
				CLANG_WARN_OBJC_LITERAL_CONVERSION = YES;
				CLANG_WARN_OBJC_ROOT_CLASS = YES_ERROR;
				CLANG_WARN_QUOTED_INCLUDE_IN_FRAMEWORK_HEADER = YES;
				CLANG_WARN_RANGE_LOOP_ANALYSIS = YES;
				CLANG_WARN_STRICT_PROTOTYPES = YES;
				CLANG_WARN_SUSPICIOUS_MOVE = YES;
				CLANG_WARN_UNGUARDED_AVAILABILITY = YES_AGGRESSIVE;
				CLANG_WARN_UNREACHABLE_CODE = YES;
				CLANG_WARN__DUPLICATE_METHOD_MATCH = YES;
				COPY_PHASE_STRIP = NO;
				DEBUG_INFORMATION_FORMAT = dwarf;
				ENABLE_STRICT_OBJC_MSGSEND = YES;
				ENABLE_TESTABILITY = YES;
				GCC_C_LANGUAGE_STANDARD = gnu11;
				GCC_DYNAMIC_NO_PIC = NO;
				GCC_NO_COMMON_BLOCKS = YES;
				GCC_OPTIMIZATION_LEVEL = 0;
				GCC_PREPROCESSOR_DEFINITIONS = (
					"DEBUG=1",
					"$(inherited)",
				);
				GCC_WARN_64_TO_32_BIT_CONVERSION = YES;
				GCC_WARN_ABOUT_RETURN_TYPE = YES_ERROR;
				GCC_WARN_UNDECLARED_SELECTOR = YES;
				GCC_WARN_UNINITIALIZED_AUTOS = YES_AGGRESSIVE;
				GCC_WARN_UNUSED_FUNCTION = YES;
				GCC_WARN_UNUSED_VARIABLE = YES;
				IPHONEOS_DEPLOYMENT_TARGET = 16.0;
				MTL_ENABLE_DEBUG_INFO = INCLUDE_SOURCE;
				MTL_FAST_MATH = YES;
				ONLY_ACTIVE_ARCH = YES;
				SDKROOT = iphoneos;
				SWIFT_ACTIVE_COMPILATION_CONDITIONS = DEBUG;
				SWIFT_OPTIMIZATION_LEVEL = "-Onone";
			};
			name = Debug;
		};
		B56B6CC129476FE700F96D8D /* Release */ = {
			isa = XCBuildConfiguration;
			buildSettings = {
				ALWAYS_SEARCH_USER_PATHS = NO;
				CLANG_ANALYZER_NONNULL = YES;
				CLANG_ANALYZER_NUMBER_OBJECT_CONVERSION = YES_AGGRESSIVE;
				CLANG_CXX_LANGUAGE_STANDARD = "gnu++20";
				CLANG_ENABLE_MODULES = YES;
				CLANG_ENABLE_OBJC_ARC = YES;
				CLANG_ENABLE_OBJC_WEAK = YES;
				CLANG_WARN_BLOCK_CAPTURE_AUTORELEASING = YES;
				CLANG_WARN_BOOL_CONVERSION = YES;
				CLANG_WARN_COMMA = YES;
				CLANG_WARN_CONSTANT_CONVERSION = YES;
				CLANG_WARN_DEPRECATED_OBJC_IMPLEMENTATIONS = YES;
				CLANG_WARN_DIRECT_OBJC_ISA_USAGE = YES_ERROR;
				CLANG_WARN_DOCUMENTATION_COMMENTS = YES;
				CLANG_WARN_EMPTY_BODY = YES;
				CLANG_WARN_ENUM_CONVERSION = YES;
				CLANG_WARN_INFINITE_RECURSION = YES;
				CLANG_WARN_INT_CONVERSION = YES;
				CLANG_WARN_NON_LITERAL_NULL_CONVERSION = YES;
				CLANG_WARN_OBJC_IMPLICIT_RETAIN_SELF = YES;
				CLANG_WARN_OBJC_LITERAL_CONVERSION = YES;
				CLANG_WARN_OBJC_ROOT_CLASS = YES_ERROR;
				CLANG_WARN_QUOTED_INCLUDE_IN_FRAMEWORK_HEADER = YES;
				CLANG_WARN_RANGE_LOOP_ANALYSIS = YES;
				CLANG_WARN_STRICT_PROTOTYPES = YES;
				CLANG_WARN_SUSPICIOUS_MOVE = YES;
				CLANG_WARN_UNGUARDED_AVAILABILITY = YES_AGGRESSIVE;
				CLANG_WARN_UNREACHABLE_CODE = YES;
				CLANG_WARN__DUPLICATE_METHOD_MATCH = YES;
				COPY_PHASE_STRIP = NO;
				DEBUG_INFORMATION_FORMAT = "dwarf-with-dsym";
				ENABLE_NS_ASSERTIONS = NO;
				ENABLE_STRICT_OBJC_MSGSEND = YES;
				GCC_C_LANGUAGE_STANDARD = gnu11;
				GCC_NO_COMMON_BLOCKS = YES;
				GCC_WARN_64_TO_32_BIT_CONVERSION = YES;
				GCC_WARN_ABOUT_RETURN_TYPE = YES_ERROR;
				GCC_WARN_UNDECLARED_SELECTOR = YES;
				GCC_WARN_UNINITIALIZED_AUTOS = YES_AGGRESSIVE;
				GCC_WARN_UNUSED_FUNCTION = YES;
				GCC_WARN_UNUSED_VARIABLE = YES;
				IPHONEOS_DEPLOYMENT_TARGET = 16.0;
				MTL_ENABLE_DEBUG_INFO = NO;
				MTL_FAST_MATH = YES;
				SDKROOT = iphoneos;
				SWIFT_COMPILATION_MODE = wholemodule;
				SWIFT_OPTIMIZATION_LEVEL = "-O";
				VALIDATE_PRODUCT = YES;
			};
			name = Release;
		};
		B56B6CC329476FE700F96D8D /* Debug */ = {
			isa = XCBuildConfiguration;
			baseConfigurationReference = 98C9A14B5EF70FA217A47230 /* Pods-demo.debug.xcconfig */;
			buildSettings = {
				ASSETCATALOG_COMPILER_APPICON_NAME = AppIcon;
				ASSETCATALOG_COMPILER_GLOBAL_ACCENT_COLOR_NAME = AccentColor;
				CODE_SIGN_IDENTITY = "Apple Development";
				CODE_SIGN_STYLE = Automatic;
				CURRENT_PROJECT_VERSION = 1;
				DEVELOPMENT_TEAM = 7UW9N9QSQ6;
				GENERATE_INFOPLIST_FILE = YES;
				INFOPLIST_FILE = demo/Info.plist;
				INFOPLIST_KEY_UIApplicationSupportsIndirectInputEvents = YES;
				INFOPLIST_KEY_UILaunchStoryboardName = LaunchScreen;
				INFOPLIST_KEY_UIMainStoryboardFile = Main;
				INFOPLIST_KEY_UISupportedInterfaceOrientations_iPad = "UIInterfaceOrientationPortrait UIInterfaceOrientationPortraitUpsideDown UIInterfaceOrientationLandscapeLeft UIInterfaceOrientationLandscapeRight";
				INFOPLIST_KEY_UISupportedInterfaceOrientations_iPhone = "UIInterfaceOrientationPortrait UIInterfaceOrientationLandscapeLeft UIInterfaceOrientationLandscapeRight";
				IPHONEOS_DEPLOYMENT_TARGET = 13.0;
				LD_RUNPATH_SEARCH_PATHS = (
					"$(inherited)",
					"@executable_path/Frameworks",
				);
				MARKETING_VERSION = 1.0;
				PRODUCT_BUNDLE_IDENTIFIER = com.datatower.sdk.linli;
				PRODUCT_NAME = "$(TARGET_NAME)";
				PROVISIONING_PROFILE_SPECIFIER = "";
				SWIFT_EMIT_LOC_STRINGS = YES;
				SWIFT_VERSION = 5.0;
				TARGETED_DEVICE_FAMILY = "1,2";
			};
			name = Debug;
		};
		B56B6CC429476FE700F96D8D /* Release */ = {
			isa = XCBuildConfiguration;
			baseConfigurationReference = 7C7967FB671017B9CC0C7E3D /* Pods-demo.release.xcconfig */;
			buildSettings = {
				ASSETCATALOG_COMPILER_APPICON_NAME = AppIcon;
				ASSETCATALOG_COMPILER_GLOBAL_ACCENT_COLOR_NAME = AccentColor;
				CODE_SIGN_IDENTITY = "Apple Development";
				CODE_SIGN_STYLE = Automatic;
				CURRENT_PROJECT_VERSION = 1;
				DEVELOPMENT_TEAM = 7UW9N9QSQ6;
				GENERATE_INFOPLIST_FILE = YES;
				INFOPLIST_FILE = demo/Info.plist;
				INFOPLIST_KEY_UIApplicationSupportsIndirectInputEvents = YES;
				INFOPLIST_KEY_UILaunchStoryboardName = LaunchScreen;
				INFOPLIST_KEY_UIMainStoryboardFile = Main;
				INFOPLIST_KEY_UISupportedInterfaceOrientations_iPad = "UIInterfaceOrientationPortrait UIInterfaceOrientationPortraitUpsideDown UIInterfaceOrientationLandscapeLeft UIInterfaceOrientationLandscapeRight";
				INFOPLIST_KEY_UISupportedInterfaceOrientations_iPhone = "UIInterfaceOrientationPortrait UIInterfaceOrientationLandscapeLeft UIInterfaceOrientationLandscapeRight";
				IPHONEOS_DEPLOYMENT_TARGET = 13.0;
				LD_RUNPATH_SEARCH_PATHS = (
					"$(inherited)",
					"@executable_path/Frameworks",
				);
				MARKETING_VERSION = 1.0;
				PRODUCT_BUNDLE_IDENTIFIER = com.datatower.sdk;
				PRODUCT_NAME = "$(TARGET_NAME)";
				PROVISIONING_PROFILE_SPECIFIER = "";
				SWIFT_EMIT_LOC_STRINGS = YES;
				SWIFT_VERSION = 5.0;
				TARGETED_DEVICE_FAMILY = "1,2";
			};
			name = Release;
		};
/* End XCBuildConfiguration section */

/* Begin XCConfigurationList section */
		184FE4472A2487CF00125C5C /* Build configuration list for PBXNativeTarget "demoObjc" */ = {
			isa = XCConfigurationList;
			buildConfigurations = (
				184FE4452A2487CF00125C5C /* Debug */,
				184FE4462A2487CF00125C5C /* Release */,
			);
			defaultConfigurationIsVisible = 0;
			defaultConfigurationName = Release;
		};
		B56B6CA929476FE500F96D8D /* Build configuration list for PBXProject "demo" */ = {
			isa = XCConfigurationList;
			buildConfigurations = (
				B56B6CC029476FE700F96D8D /* Debug */,
				B56B6CC129476FE700F96D8D /* Release */,
			);
			defaultConfigurationIsVisible = 0;
			defaultConfigurationName = Release;
		};
		B56B6CC229476FE700F96D8D /* Build configuration list for PBXNativeTarget "demo" */ = {
			isa = XCConfigurationList;
			buildConfigurations = (
				B56B6CC329476FE700F96D8D /* Debug */,
				B56B6CC429476FE700F96D8D /* Release */,
			);
			defaultConfigurationIsVisible = 0;
			defaultConfigurationName = Release;
		};
/* End XCConfigurationList section */
	};
	rootObject = B56B6CA629476FE500F96D8D /* Project object */;
}
